
Microsoft Visual Studio Solution File, Format Version 12.00
# Visual Studio 14
VisualStudioVersion = 14.0.25420.1
MinimumVisualStudioVersion = 10.0.40219.1
Project("{FAE04EC0-301F-11D3-BF4B-00C04F79EFBC}") = "EnumDemo", "EnumDemo\EnumDemo.csproj", "{428BA31B-E623-4BBE-9890-5C8E9AA2B88B}"
EndProject
Project("{FAE04EC0-301F-11D3-BF4B-00C04F79EFBC}") = "ExceptionDemo", "ExceptionDemo\ExceptionDemo.csproj", "{150E6703-CECD-4804-AD13-3F785A195E47}"
EndProject
Project("{FAE04EC0-301F-11D3-BF4B-00C04F79EFBC}") = "StaticDemo", "StaticDemo\StaticDemo.csproj", "{B0F38146-D193-434F-8C07-30A692558201}"
EndProject
Project("{FAE04EC0-301F-11D3-BF4B-00C04F79EFBC}") = "FileIODemo", "FileIODemo\FileIODemo.csproj", "{8D107D97-886A-4835-8F3A-8E2C4CF2AF6A}"
EndProject
Global
	GlobalSection(SolutionConfigurationPlatforms) = preSolution
		Debug|Any CPU = Debug|Any CPU
		Release|Any CPU = Release|Any CPU
	EndGlobalSection
	GlobalSection(ProjectConfigurationPlatforms) = postSolution
		{428BA31B-E623-4BBE-9890-5C8E9AA2B88B}.Debug|Any CPU.ActiveCfg = Debug|Any CPU
		{428BA31B-E623-4BBE-9890-5C8E9AA2B88B}.Debug|Any CPU.Build.0 = Debug|Any CPU
		{428BA31B-E623-4BBE-9890-5C8E9AA2B88B}.Release|Any CPU.ActiveCfg = Release|Any CPU
		{428BA31B-E623-4BBE-9890-5C8E9AA2B88B}.Release|Any CPU.Build.0 = Release|Any CPU
		{150E6703-CECD-4804-AD13-3F785A195E47}.Debug|Any CPU.ActiveCfg = Debug|Any CPU
		{150E6703-CECD-4804-AD13-3F785A195E47}.Debug|Any CPU.Build.0 = Debug|Any CPU
		{150E6703-CECD-4804-AD13-3F785A195E47}.Release|Any CPU.ActiveCfg = Release|Any CPU
		{150E6703-CECD-4804-AD13-3F785A195E47}.Release|Any CPU.Build.0 = Release|Any CPU
		{B0F38146-D193-434F-8C07-30A692558201}.Debug|Any CPU.ActiveCfg = Debug|Any CPU
		{B0F38146-D193-434F-8C07-30A692558201}.Debug|Any CPU.Build.0 = Debug|Any CPU
		{B0F38146-D193-434F-8C07-30A692558201}.Release|Any CPU.ActiveCfg = Release|Any CPU
		{B0F38146-D193-434F-8C07-30A692558201}.Release|Any CPU.Build.0 = Release|Any CPU
		{8D107D97-886A-4835-8F3A-8E2C4CF2AF6A}.Debug|Any CPU.ActiveCfg = Debug|Any CPU
		{8D107D97-886A-4835-8F3A-8E2C4CF2AF6A}.Debug|Any CPU.Build.0 = Debug|Any CPU
		{8D107D97-886A-4835-8F3A-8E2C4CF2AF6A}.Release|Any CPU.ActiveCfg = Release|Any CPU
		{8D107D97-886A-4835-8F3A-8E2C4CF2AF6A}.Release|Any CPU.Build.0 = Release|Any CPU
	EndGlobalSection
	GlobalSection(SolutionProperties) = preSolution
		HideSolutionNode = FALSE
	EndGlobalSection
EndGlobal
