
Microsoft Visual Studio Solution File, Format Version 12.00
# Visual Studio 14
VisualStudioVersion = 14.0.23107.0
MinimumVisualStudioVersion = 10.0.40219.1
Project("{FAE04EC0-301F-11D3-BF4B-00C04F79EFBC}") = "ShoppingCartDemo", "ShoppingCartDemo\ShoppingCartDemo.csproj", "{A16FF7F0-7CE9-4F31-A26E-6ACAD0221AC9}"
EndProject
Project("{E24C65DC-7377-472B-9ABA-BC803B73C61A}") = "ShoppingCartWeb", "ShoppingCartWeb\", "{4BB30134-5173-4C65-AA46-DCC8FFFE04BE}"
	ProjectSection(WebsiteProperties) = preProject
		TargetFrameworkMoniker = ".NETFramework,Version%3Dv4.5.2"
		Debug.AspNetCompiler.VirtualPath = "/localhost_51361"
		Debug.AspNetCompiler.PhysicalPath = "ShoppingCartWeb\"
		Debug.AspNetCompiler.TargetPath = "PrecompiledWeb\localhost_51361\"
		Debug.AspNetCompiler.Updateable = "true"
		Debug.AspNetCompiler.ForceOverwrite = "true"
		Debug.AspNetCompiler.FixedNames = "false"
		Debug.AspNetCompiler.Debug = "True"
		Release.AspNetCompiler.VirtualPath = "/localhost_51361"
		Release.AspNetCompiler.PhysicalPath = "ShoppingCartWeb\"
		Release.AspNetCompiler.TargetPath = "PrecompiledWeb\localhost_51361\"
		Release.AspNetCompiler.Updateable = "true"
		Release.AspNetCompiler.ForceOverwrite = "true"
		Release.AspNetCompiler.FixedNames = "false"
		Release.AspNetCompiler.Debug = "False"
		VWDPort = "51361"
		SlnRelativePath = "ShoppingCartWeb\"
		DefaultWebSiteLanguage = "Visual C#"
	EndProjectSection
EndProject
Global
	GlobalSection(SolutionConfigurationPlatforms) = preSolution
		Debug|Any CPU = Debug|Any CPU
		Release|Any CPU = Release|Any CPU
	EndGlobalSection
	GlobalSection(ProjectConfigurationPlatforms) = postSolution
		{A16FF7F0-7CE9-4F31-A26E-6ACAD0221AC9}.Debug|Any CPU.ActiveCfg = Debug|Any CPU
		{A16FF7F0-7CE9-4F31-A26E-6ACAD0221AC9}.Debug|Any CPU.Build.0 = Debug|Any CPU
		{A16FF7F0-7CE9-4F31-A26E-6ACAD0221AC9}.Release|Any CPU.ActiveCfg = Release|Any CPU
		{A16FF7F0-7CE9-4F31-A26E-6ACAD0221AC9}.Release|Any CPU.Build.0 = Release|Any CPU
		{4BB30134-5173-4C65-AA46-DCC8FFFE04BE}.Debug|Any CPU.ActiveCfg = Debug|Any CPU
		{4BB30134-5173-4C65-AA46-DCC8FFFE04BE}.Debug|Any CPU.Build.0 = Debug|Any CPU
		{4BB30134-5173-4C65-AA46-DCC8FFFE04BE}.Release|Any CPU.ActiveCfg = Debug|Any CPU
		{4BB30134-5173-4C65-AA46-DCC8FFFE04BE}.Release|Any CPU.Build.0 = Debug|Any CPU
	EndGlobalSection
	GlobalSection(SolutionProperties) = preSolution
		HideSolutionNode = FALSE
	EndGlobalSection
EndGlobal
